<Solution>
  <Configurations>
    <Platform Name="ARM" />
    <Platform Name="ARM64" />
    <Platform Name="x64" />
    <Platform Name="x86" />
  </Configurations>
  <Project Path="Can Loader/Can Loader.vcxproj" Id="c35cf5e7-9b31-43d6-843c-7cb67e7dda65">
    <Platform Solution="*|x86" Project="x86" />
    <Deploy />
  </Project>
</Solution>
